
Microsoft Visual Studio Solution File, Format Version 12.00
# Visual Studio Version 16
VisualStudioVersion = 16.0.29509.3
MinimumVisualStudioVersion = 10.0.40219.1
Project("{FAE04EC0-301F-11D3-BF4B-00C04F79EFBC}") = "WorldExplorerEurope.UWP", "WorldExplorerEurope\WorldExplorerEurope.UWP\WorldExplorerEurope.UWP.csproj", "{85AD538C-2719-4A1D-BB97-D5E48CC0D3F6}"
EndProject
Project("{FAE04EC0-301F-11D3-BF4B-00C04F79EFBC}") = "WorldExplorerEurope.Android", "WorldExplorerEurope\WorldExplorerEurope.Android\WorldExplorerEurope.Android.csproj", "{AC194CB2-34A5-4EC2-8573-EAC36256D441}"
EndProject
Project("{FAE04EC0-301F-11D3-BF4B-00C04F79EFBC}") = "WorldExplorerEurope", "WorldExplorerEurope\WorldExplorerEurope\WorldExplorerEurope.csproj", "{A235E564-F861-48D8-A8A0-2C824938B593}"
EndProject
Project("{2150E333-8FDC-42A3-9474-1A3956D46DE8}") = "App", "App", "{DC88C771-8146-474D-99EE-049107DA5BD0}"
EndProject
Project("{2150E333-8FDC-42A3-9474-1A3956D46DE8}") = "Api", "Api", "{19CC8FF6-41D5-4275-9264-9E78421EE964}"
EndProject
Project("{FAE04EC0-301F-11D3-BF4B-00C04F79EFBC}") = "WorldExplorerEurope.API", "WorldExplorerEurope.API\WorldExplorerEurope.API.csproj", "{F88128A8-948D-4B64-B4C4-F8577DFE411D}"
EndProject
Project("{2150E333-8FDC-42A3-9474-1A3956D46DE8}") = "Website", "Website", "{951F08BF-F667-402C-874D-8F6631476AD0}"
EndProject
Project("{FAE04EC0-301F-11D3-BF4B-00C04F79EFBC}") = "WorldExplorerEurope.Web", "WorldExplorerEurope.Web\WorldExplorerEurope.Web.csproj", "{7C8AE374-0012-4615-8C89-0907ADF02E5D}"
EndProject
Global
	GlobalSection(SolutionConfigurationPlatforms) = preSolution
		Debug|Any CPU = Debug|Any CPU
		Debug|ARM = Debug|ARM
		Debug|x64 = Debug|x64
		Debug|x86 = Debug|x86
		Release|Any CPU = Release|Any CPU
		Release|ARM = Release|ARM
		Release|x64 = Release|x64
		Release|x86 = Release|x86
	EndGlobalSection
	GlobalSection(ProjectConfigurationPlatforms) = postSolution
		{85AD538C-2719-4A1D-BB97-D5E48CC0D3F6}.Debug|Any CPU.ActiveCfg = Debug|x86
		{85AD538C-2719-4A1D-BB97-D5E48CC0D3F6}.Debug|Any CPU.Build.0 = Debug|x86
		{85AD538C-2719-4A1D-BB97-D5E48CC0D3F6}.Debug|Any CPU.Deploy.0 = Debug|x86
		{85AD538C-2719-4A1D-BB97-D5E48CC0D3F6}.Debug|ARM.ActiveCfg = Debug|ARM
		{85AD538C-2719-4A1D-BB97-D5E48CC0D3F6}.Debug|ARM.Build.0 = Debug|ARM
		{85AD538C-2719-4A1D-BB97-D5E48CC0D3F6}.Debug|ARM.Deploy.0 = Debug|ARM
		{85AD538C-2719-4A1D-BB97-D5E48CC0D3F6}.Debug|x64.ActiveCfg = Debug|x64
		{85AD538C-2719-4A1D-BB97-D5E48CC0D3F6}.Debug|x64.Build.0 = Debug|x64
		{85AD538C-2719-4A1D-BB97-D5E48CC0D3F6}.Debug|x64.Deploy.0 = Debug|x64
		{85AD538C-2719-4A1D-BB97-D5E48CC0D3F6}.Debug|x86.ActiveCfg = Debug|x86
		{85AD538C-2719-4A1D-BB97-D5E48CC0D3F6}.Debug|x86.Build.0 = Debug|x86
		{85AD538C-2719-4A1D-BB97-D5E48CC0D3F6}.Debug|x86.Deploy.0 = Debug|x86
		{85AD538C-2719-4A1D-BB97-D5E48CC0D3F6}.Release|Any CPU.ActiveCfg = Release|x86
		{85AD538C-2719-4A1D-BB97-D5E48CC0D3F6}.Release|Any CPU.Build.0 = Release|x86
		{85AD538C-2719-4A1D-BB97-D5E48CC0D3F6}.Release|Any CPU.Deploy.0 = Release|x86
		{85AD538C-2719-4A1D-BB97-D5E48CC0D3F6}.Release|ARM.ActiveCfg = Release|ARM
		{85AD538C-2719-4A1D-BB97-D5E48CC0D3F6}.Release|ARM.Build.0 = Release|ARM
		{85AD538C-2719-4A1D-BB97-D5E48CC0D3F6}.Release|ARM.Deploy.0 = Release|ARM
		{85AD538C-2719-4A1D-BB97-D5E48CC0D3F6}.Release|x64.ActiveCfg = Release|x64
		{85AD538C-2719-4A1D-BB97-D5E48CC0D3F6}.Release|x64.Build.0 = Release|x64
		{85AD538C-2719-4A1D-BB97-D5E48CC0D3F6}.Release|x64.Deploy.0 = Release|x64
		{85AD538C-2719-4A1D-BB97-D5E48CC0D3F6}.Release|x86.ActiveCfg = Release|x86
		{85AD538C-2719-4A1D-BB97-D5E48CC0D3F6}.Release|x86.Build.0 = Release|x86
		{85AD538C-2719-4A1D-BB97-D5E48CC0D3F6}.Release|x86.Deploy.0 = Release|x86
		{AC194CB2-34A5-4EC2-8573-EAC36256D441}.Debug|Any CPU.ActiveCfg = Debug|Any CPU
		{AC194CB2-34A5-4EC2-8573-EAC36256D441}.Debug|Any CPU.Build.0 = Debug|Any CPU
		{AC194CB2-34A5-4EC2-8573-EAC36256D441}.Debug|Any CPU.Deploy.0 = Debug|Any CPU
		{AC194CB2-34A5-4EC2-8573-EAC36256D441}.Debug|ARM.ActiveCfg = Debug|Any CPU
		{AC194CB2-34A5-4EC2-8573-EAC36256D441}.Debug|ARM.Build.0 = Debug|Any CPU
		{AC194CB2-34A5-4EC2-8573-EAC36256D441}.Debug|ARM.Deploy.0 = Debug|Any CPU
		{AC194CB2-34A5-4EC2-8573-EAC36256D441}.Debug|x64.ActiveCfg = Debug|Any CPU
		{AC194CB2-34A5-4EC2-8573-EAC36256D441}.Debug|x64.Build.0 = Debug|Any CPU
		{AC194CB2-34A5-4EC2-8573-EAC36256D441}.Debug|x64.Deploy.0 = Debug|Any CPU
		{AC194CB2-34A5-4EC2-8573-EAC36256D441}.Debug|x86.ActiveCfg = Debug|Any CPU
		{AC194CB2-34A5-4EC2-8573-EAC36256D441}.Debug|x86.Build.0 = Debug|Any CPU
		{AC194CB2-34A5-4EC2-8573-EAC36256D441}.Debug|x86.Deploy.0 = Debug|Any CPU
		{AC194CB2-34A5-4EC2-8573-EAC36256D441}.Release|Any CPU.ActiveCfg = Release|Any CPU
		{AC194CB2-34A5-4EC2-8573-EAC36256D441}.Release|Any CPU.Build.0 = Release|Any CPU
		{AC194CB2-34A5-4EC2-8573-EAC36256D441}.Release|Any CPU.Deploy.0 = Release|Any CPU
		{AC194CB2-34A5-4EC2-8573-EAC36256D441}.Release|ARM.ActiveCfg = Release|Any CPU
		{AC194CB2-34A5-4EC2-8573-EAC36256D441}.Release|ARM.Build.0 = Release|Any CPU
		{AC194CB2-34A5-4EC2-8573-EAC36256D441}.Release|ARM.Deploy.0 = Release|Any CPU
		{AC194CB2-34A5-4EC2-8573-EAC36256D441}.Release|x64.ActiveCfg = Release|Any CPU
		{AC194CB2-34A5-4EC2-8573-EAC36256D441}.Release|x64.Build.0 = Release|Any CPU
		{AC194CB2-34A5-4EC2-8573-EAC36256D441}.Release|x64.Deploy.0 = Release|Any CPU
		{AC194CB2-34A5-4EC2-8573-EAC36256D441}.Release|x86.ActiveCfg = Release|Any CPU
		{AC194CB2-34A5-4EC2-8573-EAC36256D441}.Release|x86.Build.0 = Release|Any CPU
		{AC194CB2-34A5-4EC2-8573-EAC36256D441}.Release|x86.Deploy.0 = Release|Any CPU
		{A235E564-F861-48D8-A8A0-2C824938B593}.Debug|Any CPU.ActiveCfg = Debug|Any CPU
		{A235E564-F861-48D8-A8A0-2C824938B593}.Debug|Any CPU.Build.0 = Debug|Any CPU
		{A235E564-F861-48D8-A8A0-2C824938B593}.Debug|Any CPU.Deploy.0 = Debug|Any CPU
		{A235E564-F861-48D8-A8A0-2C824938B593}.Debug|ARM.ActiveCfg = Debug|Any CPU
		{A235E564-F861-48D8-A8A0-2C824938B593}.Debug|ARM.Build.0 = Debug|Any CPU
		{A235E564-F861-48D8-A8A0-2C824938B593}.Debug|ARM.Deploy.0 = Debug|Any CPU
		{A235E564-F861-48D8-A8A0-2C824938B593}.Debug|x64.ActiveCfg = Debug|Any CPU
		{A235E564-F861-48D8-A8A0-2C824938B593}.Debug|x64.Build.0 = Debug|Any CPU
		{A235E564-F861-48D8-A8A0-2C824938B593}.Debug|x64.Deploy.0 = Debug|Any CPU
		{A235E564-F861-48D8-A8A0-2C824938B593}.Debug|x86.ActiveCfg = Debug|Any CPU
		{A235E564-F861-48D8-A8A0-2C824938B593}.Debug|x86.Build.0 = Debug|Any CPU
		{A235E564-F861-48D8-A8A0-2C824938B593}.Debug|x86.Deploy.0 = Debug|Any CPU
		{A235E564-F861-48D8-A8A0-2C824938B593}.Release|Any CPU.ActiveCfg = Release|Any CPU
		{A235E564-F861-48D8-A8A0-2C824938B593}.Release|Any CPU.Build.0 = Release|Any CPU
		{A235E564-F861-48D8-A8A0-2C824938B593}.Release|Any CPU.Deploy.0 = Release|Any CPU
		{A235E564-F861-48D8-A8A0-2C824938B593}.Release|ARM.ActiveCfg = Release|Any CPU
		{A235E564-F861-48D8-A8A0-2C824938B593}.Release|ARM.Build.0 = Release|Any CPU
		{A235E564-F861-48D8-A8A0-2C824938B593}.Release|ARM.Deploy.0 = Release|Any CPU
		{A235E564-F861-48D8-A8A0-2C824938B593}.Release|x64.ActiveCfg = Release|Any CPU
		{A235E564-F861-48D8-A8A0-2C824938B593}.Release|x64.Build.0 = Release|Any CPU
		{A235E564-F861-48D8-A8A0-2C824938B593}.Release|x64.Deploy.0 = Release|Any CPU
		{A235E564-F861-48D8-A8A0-2C824938B593}.Release|x86.ActiveCfg = Release|Any CPU
		{A235E564-F861-48D8-A8A0-2C824938B593}.Release|x86.Build.0 = Release|Any CPU
		{A235E564-F861-48D8-A8A0-2C824938B593}.Release|x86.Deploy.0 = Release|Any CPU
		{F88128A8-948D-4B64-B4C4-F8577DFE411D}.Debug|Any CPU.ActiveCfg = Debug|Any CPU
		{F88128A8-948D-4B64-B4C4-F8577DFE411D}.Debug|Any CPU.Build.0 = Debug|Any CPU
		{F88128A8-948D-4B64-B4C4-F8577DFE411D}.Debug|ARM.ActiveCfg = Debug|Any CPU
		{F88128A8-948D-4B64-B4C4-F8577DFE411D}.Debug|ARM.Build.0 = Debug|Any CPU
		{F88128A8-948D-4B64-B4C4-F8577DFE411D}.Debug|x64.ActiveCfg = Debug|Any CPU
		{F88128A8-948D-4B64-B4C4-F8577DFE411D}.Debug|x64.Build.0 = Debug|Any CPU
		{F88128A8-948D-4B64-B4C4-F8577DFE411D}.Debug|x86.ActiveCfg = Debug|Any CPU
		{F88128A8-948D-4B64-B4C4-F8577DFE411D}.Debug|x86.Build.0 = Debug|Any CPU
		{F88128A8-948D-4B64-B4C4-F8577DFE411D}.Release|Any CPU.ActiveCfg = Release|Any CPU
		{F88128A8-948D-4B64-B4C4-F8577DFE411D}.Release|Any CPU.Build.0 = Release|Any CPU
		{F88128A8-948D-4B64-B4C4-F8577DFE411D}.Release|ARM.ActiveCfg = Release|Any CPU
		{F88128A8-948D-4B64-B4C4-F8577DFE411D}.Release|ARM.Build.0 = Release|Any CPU
		{F88128A8-948D-4B64-B4C4-F8577DFE411D}.Release|x64.ActiveCfg = Release|Any CPU
		{F88128A8-948D-4B64-B4C4-F8577DFE411D}.Release|x64.Build.0 = Release|Any CPU
		{F88128A8-948D-4B64-B4C4-F8577DFE411D}.Release|x86.ActiveCfg = Release|Any CPU
		{F88128A8-948D-4B64-B4C4-F8577DFE411D}.Release|x86.Build.0 = Release|Any CPU
		{7C8AE374-0012-4615-8C89-0907ADF02E5D}.Debug|Any CPU.ActiveCfg = Debug|Any CPU
		{7C8AE374-0012-4615-8C89-0907ADF02E5D}.Debug|Any CPU.Build.0 = Debug|Any CPU
		{7C8AE374-0012-4615-8C89-0907ADF02E5D}.Debug|ARM.ActiveCfg = Debug|Any CPU
		{7C8AE374-0012-4615-8C89-0907ADF02E5D}.Debug|ARM.Build.0 = Debug|Any CPU
		{7C8AE374-0012-4615-8C89-0907ADF02E5D}.Debug|x64.ActiveCfg = Debug|Any CPU
		{7C8AE374-0012-4615-8C89-0907ADF02E5D}.Debug|x64.Build.0 = Debug|Any CPU
		{7C8AE374-0012-4615-8C89-0907ADF02E5D}.Debug|x86.ActiveCfg = Debug|Any CPU
		{7C8AE374-0012-4615-8C89-0907ADF02E5D}.Debug|x86.Build.0 = Debug|Any CPU
		{7C8AE374-0012-4615-8C89-0907ADF02E5D}.Release|Any CPU.ActiveCfg = Release|Any CPU
		{7C8AE374-0012-4615-8C89-0907ADF02E5D}.Release|Any CPU.Build.0 = Release|Any CPU
		{7C8AE374-0012-4615-8C89-0907ADF02E5D}.Release|ARM.ActiveCfg = Release|Any CPU
		{7C8AE374-0012-4615-8C89-0907ADF02E5D}.Release|ARM.Build.0 = Release|Any CPU
		{7C8AE374-0012-4615-8C89-0907ADF02E5D}.Release|x64.ActiveCfg = Release|Any CPU
		{7C8AE374-0012-4615-8C89-0907ADF02E5D}.Release|x64.Build.0 = Release|Any CPU
		{7C8AE374-0012-4615-8C89-0907ADF02E5D}.Release|x86.ActiveCfg = Release|Any CPU
		{7C8AE374-0012-4615-8C89-0907ADF02E5D}.Release|x86.Build.0 = Release|Any CPU
	EndGlobalSection
	GlobalSection(SolutionProperties) = preSolution
		HideSolutionNode = FALSE
	EndGlobalSection
	GlobalSection(NestedProjects) = preSolution
		{85AD538C-2719-4A1D-BB97-D5E48CC0D3F6} = {DC88C771-8146-474D-99EE-049107DA5BD0}
		{AC194CB2-34A5-4EC2-8573-EAC36256D441} = {DC88C771-8146-474D-99EE-049107DA5BD0}
		{A235E564-F861-48D8-A8A0-2C824938B593} = {DC88C771-8146-474D-99EE-049107DA5BD0}
		{F88128A8-948D-4B64-B4C4-F8577DFE411D} = {19CC8FF6-41D5-4275-9264-9E78421EE964}
		{7C8AE374-0012-4615-8C89-0907ADF02E5D} = {951F08BF-F667-402C-874D-8F6631476AD0}
	EndGlobalSection
	GlobalSection(ExtensibilityGlobals) = postSolution
		SolutionGuid = {0F42C9EF-676B-4B2E-889E-D65F153E8FED}
	EndGlobalSection
EndGlobal
